{
    "_readme": [
        "This file locks the dependencies of your project to a known state",
        "Read more about it at https://getcomposer.org/doc/01-basic-usage.md#composer-lock-the-lock-file",
        "This file is @generated automatically"
    ],
    "content-hash": "51aab33737609789844f60ef2daa73e2",
    "packages": [
        {
            "name": "1g0rbm/handybag",
            "version": "dev-master",
            "source": {
                "type": "git",
                "url": "https://github.com/1g0rbm/handybag.git",
                "reference": "2c4ae40cac350fc4464eacb6aa6df26c50f4f460"
            },
            "dist": {
                "type": "zip",
                "url": "https://api.github.com/repos/1g0rbm/handybag/zipball/2c4ae40cac350fc4464eacb6aa6df26c50f4f460",
                "reference": "2c4ae40cac350fc4464eacb6aa6df26c50f4f460",
                "shasum": ""
            },
            "require": {
                "php": ">=5.6"
            },
            "require-dev": {
                "phpunit/phpunit": "6.*.*"
            },
            "type": "library",
            "autoload": {
                "psr-4": {
                    "Ig0rbm\\HandyBag\\": "src/"
                }
            },
            "notification-url": "https://packagist.org/downloads/",
            "license": [
                "MIT"
            ],
            "authors": [
                {
                    "name": "1g0rbm",
                    "email": "m1g0rb89@gmail.com"
                }
            ],
            "description": "Handy container for key/value pair",
            "time": "2018-01-21T10:20:37+00:00"
        },
        {
            "name": "1g0rbm/handybox",
            "version": "dev-master",
            "source": {
                "type": "git",
                "url": "https://github.com/1g0rbm/handybox.git",
                "reference": "c6b7395f341e02b7d11530d8b40067d14846d3af"
            },
            "dist": {
                "type": "zip",
                "url": "https://api.github.com/repos/1g0rbm/handybox/zipball/c6b7395f341e02b7d11530d8b40067d14846d3af",
                "reference": "c6b7395f341e02b7d11530d8b40067d14846d3af",
                "shasum": ""
            },
            "require": {
                "1g0rbm/handybag": "dev-master"
            },
            "require-dev": {
                "phpunit/phpunit": "6.*.*"
            },
            "type": "library",
            "autoload": {
                "psr-4": {
                    "Ig0rbm\\HandyBox\\": "src/"
                }
            },
            "notification-url": "https://packagist.org/downloads/",
            "license": [
                "MIT"
            ],
            "authors": [
                {
                    "name": "1g0rbm",
                    "email": "m1g0rb89@gmail.com"
                }
            ],
            "description": "Small Dependency Injection Container.",
            "time": "2018-01-21T10:01:40+00:00"
        }
    ],
    "packages-dev": [],
    "aliases": [],
    "minimum-stability": "dev",
    "stability-flags": {
        "1g0rbm/handybox": 20
    },
    "prefer-stable": false,
    "prefer-lowest": false,
    "platform": [],
    "platform-dev": []
}
